
Microsoft Visual Studio Solution File, Format Version 12.00
# Visual Studio Version 17
VisualStudioVersion = 17.7.34024.191
MinimumVisualStudioVersion = 10.0.40219.1
Project("{FAE04EC0-301F-11D3-BF4B-00C04F79EFBC}") = "TestProjectMonsterCard", "TestProjectMonsterCard\TestProjectMonsterCard.csproj", "{75CAEF0B-5AA4-4D2C-9858-A36A4253E226}"
EndProject
Global
	GlobalSection(SolutionConfigurationPlatforms) = preSolution
		Debug|Any CPU = Debug|Any CPU
		Release|Any CPU = Release|Any CPU
	EndGlobalSection
	GlobalSection(ProjectConfigurationPlatforms) = postSolution
		{75CAEF0B-5AA4-4D2C-9858-A36A4253E226}.Debug|Any CPU.ActiveCfg = Debug|Any CPU
		{75CAEF0B-5AA4-4D2C-9858-A36A4253E226}.Debug|Any CPU.Build.0 = Debug|Any CPU
		{75CAEF0B-5AA4-4D2C-9858-A36A4253E226}.Release|Any CPU.ActiveCfg = Release|Any CPU
		{75CAEF0B-5AA4-4D2C-9858-A36A4253E226}.Release|Any CPU.Build.0 = Release|Any CPU
	EndGlobalSection
	GlobalSection(SolutionProperties) = preSolution
		HideSolutionNode = FALSE
	EndGlobalSection
	GlobalSection(ExtensibilityGlobals) = postSolution
		SolutionGuid = {F6C93DC6-B723-4BFE-BB0A-CA602E487F21}
	EndGlobalSection
EndGlobal
